// !$*UTF8*$!
{
	archiveVersion = 1;
	classes = {
	};
	objectVersion = 52;
	objects = {

/* Begin PBXBuildFile section */
		42299CBF24D974AF00AE9253 /* SignUpViewController.swift in Sources */ = {isa = PBXBuildFile; fileRef = 42299CBE24D974AF00AE9253 /* SignUpViewController.swift */; };
		4243D57D24DD290F003F3761 /* SearchHistoryViewController.swift in Sources */ = {isa = PBXBuildFile; fileRef = 4243D57C24DD290F003F3761 /* SearchHistoryViewController.swift */; };
		4257EF4224DC3F2D00CFF4C6 /* FakeSearchNaviBar.swift in Sources */ = {isa = PBXBuildFile; fileRef = 4257EF4124DC3F2D00CFF4C6 /* FakeSearchNaviBar.swift */; };
		4257EF4424DC3FF200CFF4C6 /* FakeSearchBar.swift in Sources */ = {isa = PBXBuildFile; fileRef = 4257EF4324DC3FF200CFF4C6 /* FakeSearchBar.swift */; };
		4257EF4624DC5F0900CFF4C6 /* SearchHistoryHeaderView.swift in Sources */ = {isa = PBXBuildFile; fileRef = 4257EF4524DC5F0900CFF4C6 /* SearchHistoryHeaderView.swift */; };
		4257EF4A24DD07FD00CFF4C6 /* MockData.swift in Sources */ = {isa = PBXBuildFile; fileRef = 4257EF4924DD07FD00CFF4C6 /* MockData.swift */; };
		4257EF4C24DD0BC700CFF4C6 /* SearchHistoryTableViewCell.swift in Sources */ = {isa = PBXBuildFile; fileRef = 4257EF4B24DD0BC700CFF4C6 /* SearchHistoryTableViewCell.swift */; };
		4264F1E124DBEBAA007B3BC2 /* FakeNavigationBar.swift in Sources */ = {isa = PBXBuildFile; fileRef = 4264F1E024DBEBAA007B3BC2 /* FakeNavigationBar.swift */; };
		4267C94B24DABD3E00702BAC /* FBSignInViewController.swift in Sources */ = {isa = PBXBuildFile; fileRef = 4267C94A24DABD3E00702BAC /* FBSignInViewController.swift */; };
		4267C94F24DACA4100702BAC /* SignButton.swift in Sources */ = {isa = PBXBuildFile; fileRef = 4267C94E24DACA4100702BAC /* SignButton.swift */; };
		4267C95124DAE51200702BAC /* SignView.swift in Sources */ = {isa = PBXBuildFile; fileRef = 4267C95024DAE51200702BAC /* SignView.swift */; };
		4267C95324DAF61400702BAC /* SignErrors.swift in Sources */ = {isa = PBXBuildFile; fileRef = 4267C95224DAF61400702BAC /* SignErrors.swift */; };
		4267C95524DB1BD900702BAC /* SignUpStrings.swift in Sources */ = {isa = PBXBuildFile; fileRef = 4267C95424DB1BD900702BAC /* SignUpStrings.swift */; };
		4267C95724DB1D2F00702BAC /* GeneralStrings.swift in Sources */ = {isa = PBXBuildFile; fileRef = 4267C95624DB1D2F00702BAC /* GeneralStrings.swift */; };
		4267C95924DB1D3D00702BAC /* SignInStrings.swift in Sources */ = {isa = PBXBuildFile; fileRef = 4267C95824DB1D3D00702BAC /* SignInStrings.swift */; };
		4267C95B24DBC36800702BAC /* ForgotPasswordViewController.swift in Sources */ = {isa = PBXBuildFile; fileRef = 4267C95A24DBC36800702BAC /* ForgotPasswordViewController.swift */; };
		42ABADB424E140490094CA9A /* NewFilterViewController.swift in Sources */ = {isa = PBXBuildFile; fileRef = 42ABADB324E140490094CA9A /* NewFilterViewController.swift */; };
		42ABADB624E14FFF0094CA9A /* VegetarianInfoView.swift in Sources */ = {isa = PBXBuildFile; fileRef = 42ABADB524E14FFF0094CA9A /* VegetarianInfoView.swift */; };
		42ABADB824E15CE30094CA9A /* NewFilterTableViewCell.swift in Sources */ = {isa = PBXBuildFile; fileRef = 42ABADB724E15CE30094CA9A /* NewFilterTableViewCell.swift */; };
		42ABADBA24E16D4E0094CA9A /* FilterCollectionViewCell.swift in Sources */ = {isa = PBXBuildFile; fileRef = 42ABADB924E16D4E0094CA9A /* FilterCollectionViewCell.swift */; };
		42BE29EA24DD2E4600449221 /* FilterViewController.swift in Sources */ = {isa = PBXBuildFile; fileRef = 42BE29E924DD2E4600449221 /* FilterViewController.swift */; };
		42BE29EC24DD307E00449221 /* FilterViewTopBar.swift in Sources */ = {isa = PBXBuildFile; fileRef = 42BE29EB24DD307E00449221 /* FilterViewTopBar.swift */; };
		42BE29EE24DD322600449221 /* FilterTableViewCell.swift in Sources */ = {isa = PBXBuildFile; fileRef = 42BE29ED24DD322600449221 /* FilterTableViewCell.swift */; };
		42BE29F024DD35C900449221 /* FilterTableViewHeader.swift in Sources */ = {isa = PBXBuildFile; fileRef = 42BE29EF24DD35C900449221 /* FilterTableViewHeader.swift */; };
		42BE29F224DD424400449221 /* FilterViewBottomBar.swift in Sources */ = {isa = PBXBuildFile; fileRef = 42BE29F124DD424400449221 /* FilterViewBottomBar.swift */; };
		8E845E39A055B87E3285FCA4 /* Pods_VegeXI.framework in Frameworks */ = {isa = PBXBuildFile; fileRef = 943E4B56E189F1F7F3E0DE26 /* Pods_VegeXI.framework */; };
		AF27F3DE24D5F29800CFEF9C /* Alamofire in Frameworks */ = {isa = PBXBuildFile; productRef = AF27F3DD24D5F29800CFEF9C /* Alamofire */; };
		AF2EE70424D87B4800A956BD /* AuthService.swift in Sources */ = {isa = PBXBuildFile; fileRef = AF2EE70324D87B4800A956BD /* AuthService.swift */; };
		AF561E4024D9CCB80063D51F /* Extensions.swift in Sources */ = {isa = PBXBuildFile; fileRef = AF561E3F24D9CCB80063D51F /* Extensions.swift */; };
		AF561E4224D9CEE80063D51F /* UserService.swift in Sources */ = {isa = PBXBuildFile; fileRef = AF561E4124D9CEE80063D51F /* UserService.swift */; };
		AF5634DC24DA64F200A606EA /* HomeViewController.swift in Sources */ = {isa = PBXBuildFile; fileRef = AF5634DB24DA64F200A606EA /* HomeViewController.swift */; };
		AF5634DF24DA6AF300A606EA /* JGProgressHUD in Frameworks */ = {isa = PBXBuildFile; productRef = AF5634DE24DA6AF300A606EA /* JGProgressHUD */; };
		AF58173224D7DF9200F2683D /* SNSLoginService.swift in Sources */ = {isa = PBXBuildFile; fileRef = AF58173124D7DF9200F2683D /* SNSLoginService.swift */; };
		AF6652CA24DBFD71005FC74B /* CustomMainNavigationBar.swift in Sources */ = {isa = PBXBuildFile; fileRef = AF6652C924DBFD71005FC74B /* CustomMainNavigationBar.swift */; };
		AF6652CC24DC0415005FC74B /* CategoryCollectionView.swift in Sources */ = {isa = PBXBuildFile; fileRef = AF6652CB24DC0415005FC74B /* CategoryCollectionView.swift */; };
		AF6652CE24DC132C005FC74B /* CategoryCell.swift in Sources */ = {isa = PBXBuildFile; fileRef = AF6652CD24DC132C005FC74B /* CategoryCell.swift */; };
		AF6652D024DC2EA5005FC74B /* MainTableView.swift in Sources */ = {isa = PBXBuildFile; fileRef = AF6652CF24DC2EA5005FC74B /* MainTableView.swift */; };
		AF6652D224DC2F5A005FC74B /* MainTableViewCell.swift in Sources */ = {isa = PBXBuildFile; fileRef = AF6652D124DC2F5A005FC74B /* MainTableViewCell.swift */; };
		AF8193DB24DC80D900B948CF /* MainTabBarController.swift in Sources */ = {isa = PBXBuildFile; fileRef = AF8193DA24DC80D900B948CF /* MainTabBarController.swift */; };
		AF88436924D6C902000ABC2A /* GoogleService-Info.plist in Resources */ = {isa = PBXBuildFile; fileRef = AF88436824D6C902000ABC2A /* GoogleService-Info.plist */; };
		AF8B261124DB15590075156C /* SpoqaHanSansBold.ttf in Resources */ = {isa = PBXBuildFile; fileRef = AF8B260D24DB12100075156C /* SpoqaHanSansBold.ttf */; };
		AF8B261224DB15630075156C /* SpoqaHanSansRegular.ttf in Resources */ = {isa = PBXBuildFile; fileRef = AF8B260C24DB12100075156C /* SpoqaHanSansRegular.ttf */; };
		AF8E0D5924DD092E00D08D58 /* WriteEmptyController.swift in Sources */ = {isa = PBXBuildFile; fileRef = AF8E0D5824DD092E00D08D58 /* WriteEmptyController.swift */; };
		AF8E0D5B24DD277C00D08D58 /* Feed.swift in Sources */ = {isa = PBXBuildFile; fileRef = AF8E0D5A24DD277C00D08D58 /* Feed.swift */; };
		AF8E0D5D24DD320700D08D58 /* FeedRegisterController.swift in Sources */ = {isa = PBXBuildFile; fileRef = AF8E0D5C24DD320700D08D58 /* FeedRegisterController.swift */; };
		AF8E0D6024DD43FF00D08D58 /* BSImagePicker in Frameworks */ = {isa = PBXBuildFile; productRef = AF8E0D5F24DD43FF00D08D58 /* BSImagePicker */; };
		AF8E0D6224DD5D5800D08D58 /* FeedService.swift in Sources */ = {isa = PBXBuildFile; fileRef = AF8E0D6124DD5D5800D08D58 /* FeedService.swift */; };
		AF8E0D6524DDC3A700D08D58 /* SDWebImage in Frameworks */ = {isa = PBXBuildFile; productRef = AF8E0D6424DDC3A700D08D58 /* SDWebImage */; };
		AF8E0D6824DDD83900D08D58 /* FeedViewModel.swift in Sources */ = {isa = PBXBuildFile; fileRef = AF8E0D6724DDD83900D08D58 /* FeedViewModel.swift */; };
		AF9E8D1C24D58E160047F0C4 /* KakaoOpenSDK.framework in Frameworks */ = {isa = PBXBuildFile; fileRef = AF9E8D1A24D58E020047F0C4 /* KakaoOpenSDK.framework */; };
		AF9E8D1D24D58E160047F0C4 /* KakaoOpenSDK.framework in Embed Frameworks */ = {isa = PBXBuildFile; fileRef = AF9E8D1A24D58E020047F0C4 /* KakaoOpenSDK.framework */; settings = {ATTRIBUTES = (CodeSignOnCopy, RemoveHeadersOnCopy, ); }; };
		AFC1185324D3AEE1005B2E44 /* AppDelegate.swift in Sources */ = {isa = PBXBuildFile; fileRef = AFC1185224D3AEE1005B2E44 /* AppDelegate.swift */; };
		AFC1185724D3AEE1005B2E44 /* SignInViewController.swift in Sources */ = {isa = PBXBuildFile; fileRef = AFC1185624D3AEE1005B2E44 /* SignInViewController.swift */; };
		AFC1185C24D3AEE3005B2E44 /* Assets.xcassets in Resources */ = {isa = PBXBuildFile; fileRef = AFC1185B24D3AEE3005B2E44 /* Assets.xcassets */; };
		AFC1185F24D3AEE3005B2E44 /* LaunchScreen.storyboard in Resources */ = {isa = PBXBuildFile; fileRef = AFC1185D24D3AEE3005B2E44 /* LaunchScreen.storyboard */; };
		AFC1186D24D3B08C005B2E44 /* SnapKit in Frameworks */ = {isa = PBXBuildFile; productRef = AFC1186C24D3B08C005B2E44 /* SnapKit */; };
		AFC1187024D3B0BD005B2E44 /* Then in Frameworks */ = {isa = PBXBuildFile; productRef = AFC1186F24D3B0BD005B2E44 /* Then */; };
		AFF46CAD24D85A00008F118E /* Constants.swift in Sources */ = {isa = PBXBuildFile; fileRef = AFF46CAC24D85A00008F118E /* Constants.swift */; };
/* End PBXBuildFile section */

/* Begin PBXCopyFilesBuildPhase section */
		AF9E8D0D24D517530047F0C4 /* Embed Frameworks */ = {
			isa = PBXCopyFilesBuildPhase;
			buildActionMask = 2147483647;
			dstPath = "";
			dstSubfolderSpec = 10;
			files = (
				AF9E8D1D24D58E160047F0C4 /* KakaoOpenSDK.framework in Embed Frameworks */,
			);
			name = "Embed Frameworks";
			runOnlyForDeploymentPostprocessing = 0;
		};
/* End PBXCopyFilesBuildPhase section */

/* Begin PBXFileReference section */
		09A17A193B26B7E3D5AFF37D /* Pods-VegeXI.release.xcconfig */ = {isa = PBXFileReference; includeInIndex = 1; lastKnownFileType = text.xcconfig; name = "Pods-VegeXI.release.xcconfig"; path = "Target Support Files/Pods-VegeXI/Pods-VegeXI.release.xcconfig"; sourceTree = "<group>"; };
		38105EDA7625BA3CC11C87BE /* Pods-VegeXI.debug.xcconfig */ = {isa = PBXFileReference; includeInIndex = 1; lastKnownFileType = text.xcconfig; name = "Pods-VegeXI.debug.xcconfig"; path = "Target Support Files/Pods-VegeXI/Pods-VegeXI.debug.xcconfig"; sourceTree = "<group>"; };
		42299CBD24D93E6A00AE9253 /* VegeXI.entitlements */ = {isa = PBXFileReference; lastKnownFileType = text.plist.entitlements; path = VegeXI.entitlements; sourceTree = "<group>"; };
		42299CBE24D974AF00AE9253 /* SignUpViewController.swift */ = {isa = PBXFileReference; lastKnownFileType = sourcecode.swift; path = SignUpViewController.swift; sourceTree = "<group>"; };
		4243D57C24DD290F003F3761 /* SearchHistoryViewController.swift */ = {isa = PBXFileReference; lastKnownFileType = sourcecode.swift; path = SearchHistoryViewController.swift; sourceTree = "<group>"; };
		4257EF4124DC3F2D00CFF4C6 /* FakeSearchNaviBar.swift */ = {isa = PBXFileReference; lastKnownFileType = sourcecode.swift; path = FakeSearchNaviBar.swift; sourceTree = "<group>"; };
		4257EF4324DC3FF200CFF4C6 /* FakeSearchBar.swift */ = {isa = PBXFileReference; lastKnownFileType = sourcecode.swift; path = FakeSearchBar.swift; sourceTree = "<group>"; };
		4257EF4524DC5F0900CFF4C6 /* SearchHistoryHeaderView.swift */ = {isa = PBXFileReference; lastKnownFileType = sourcecode.swift; path = SearchHistoryHeaderView.swift; sourceTree = "<group>"; };
		4257EF4924DD07FD00CFF4C6 /* MockData.swift */ = {isa = PBXFileReference; lastKnownFileType = sourcecode.swift; path = MockData.swift; sourceTree = "<group>"; };
		4257EF4B24DD0BC700CFF4C6 /* SearchHistoryTableViewCell.swift */ = {isa = PBXFileReference; lastKnownFileType = sourcecode.swift; path = SearchHistoryTableViewCell.swift; sourceTree = "<group>"; };
		4264F1E024DBEBAA007B3BC2 /* FakeNavigationBar.swift */ = {isa = PBXFileReference; lastKnownFileType = sourcecode.swift; path = FakeNavigationBar.swift; sourceTree = "<group>"; };
		4267C94A24DABD3E00702BAC /* FBSignInViewController.swift */ = {isa = PBXFileReference; lastKnownFileType = sourcecode.swift; path = FBSignInViewController.swift; sourceTree = "<group>"; };
		4267C94E24DACA4100702BAC /* SignButton.swift */ = {isa = PBXFileReference; lastKnownFileType = sourcecode.swift; path = SignButton.swift; sourceTree = "<group>"; };
		4267C95024DAE51200702BAC /* SignView.swift */ = {isa = PBXFileReference; lastKnownFileType = sourcecode.swift; path = SignView.swift; sourceTree = "<group>"; };
		4267C95224DAF61400702BAC /* SignErrors.swift */ = {isa = PBXFileReference; lastKnownFileType = sourcecode.swift; path = SignErrors.swift; sourceTree = "<group>"; };
		4267C95424DB1BD900702BAC /* SignUpStrings.swift */ = {isa = PBXFileReference; lastKnownFileType = sourcecode.swift; path = SignUpStrings.swift; sourceTree = "<group>"; };
		4267C95624DB1D2F00702BAC /* GeneralStrings.swift */ = {isa = PBXFileReference; lastKnownFileType = sourcecode.swift; path = GeneralStrings.swift; sourceTree = "<group>"; };
		4267C95824DB1D3D00702BAC /* SignInStrings.swift */ = {isa = PBXFileReference; lastKnownFileType = sourcecode.swift; path = SignInStrings.swift; sourceTree = "<group>"; };
		4267C95A24DBC36800702BAC /* ForgotPasswordViewController.swift */ = {isa = PBXFileReference; lastKnownFileType = sourcecode.swift; path = ForgotPasswordViewController.swift; sourceTree = "<group>"; };
		42ABADB324E140490094CA9A /* NewFilterViewController.swift */ = {isa = PBXFileReference; lastKnownFileType = sourcecode.swift; path = NewFilterViewController.swift; sourceTree = "<group>"; };
		42ABADB524E14FFF0094CA9A /* VegetarianInfoView.swift */ = {isa = PBXFileReference; lastKnownFileType = sourcecode.swift; path = VegetarianInfoView.swift; sourceTree = "<group>"; };
		42ABADB724E15CE30094CA9A /* NewFilterTableViewCell.swift */ = {isa = PBXFileReference; lastKnownFileType = sourcecode.swift; path = NewFilterTableViewCell.swift; sourceTree = "<group>"; };
		42ABADB924E16D4E0094CA9A /* FilterCollectionViewCell.swift */ = {isa = PBXFileReference; lastKnownFileType = sourcecode.swift; path = FilterCollectionViewCell.swift; sourceTree = "<group>"; };
		42BE29E924DD2E4600449221 /* FilterViewController.swift */ = {isa = PBXFileReference; lastKnownFileType = sourcecode.swift; path = FilterViewController.swift; sourceTree = "<group>"; };
		42BE29EB24DD307E00449221 /* FilterViewTopBar.swift */ = {isa = PBXFileReference; lastKnownFileType = sourcecode.swift; path = FilterViewTopBar.swift; sourceTree = "<group>"; };
		42BE29ED24DD322600449221 /* FilterTableViewCell.swift */ = {isa = PBXFileReference; lastKnownFileType = sourcecode.swift; path = FilterTableViewCell.swift; sourceTree = "<group>"; };
		42BE29EF24DD35C900449221 /* FilterTableViewHeader.swift */ = {isa = PBXFileReference; lastKnownFileType = sourcecode.swift; path = FilterTableViewHeader.swift; sourceTree = "<group>"; };
		42BE29F124DD424400449221 /* FilterViewBottomBar.swift */ = {isa = PBXFileReference; lastKnownFileType = sourcecode.swift; path = FilterViewBottomBar.swift; sourceTree = "<group>"; };
		943E4B56E189F1F7F3E0DE26 /* Pods_VegeXI.framework */ = {isa = PBXFileReference; explicitFileType = wrapper.framework; includeInIndex = 0; path = Pods_VegeXI.framework; sourceTree = BUILT_PRODUCTS_DIR; };
		AF2EE70324D87B4800A956BD /* AuthService.swift */ = {isa = PBXFileReference; lastKnownFileType = sourcecode.swift; path = AuthService.swift; sourceTree = "<group>"; };
		AF561E3F24D9CCB80063D51F /* Extensions.swift */ = {isa = PBXFileReference; lastKnownFileType = sourcecode.swift; path = Extensions.swift; sourceTree = "<group>"; };
		AF561E4124D9CEE80063D51F /* UserService.swift */ = {isa = PBXFileReference; lastKnownFileType = sourcecode.swift; path = UserService.swift; sourceTree = "<group>"; };
		AF5634DB24DA64F200A606EA /* HomeViewController.swift */ = {isa = PBXFileReference; lastKnownFileType = sourcecode.swift; path = HomeViewController.swift; sourceTree = "<group>"; };
		AF58173124D7DF9200F2683D /* SNSLoginService.swift */ = {isa = PBXFileReference; lastKnownFileType = sourcecode.swift; path = SNSLoginService.swift; sourceTree = "<group>"; };
		AF6652C924DBFD71005FC74B /* CustomMainNavigationBar.swift */ = {isa = PBXFileReference; lastKnownFileType = sourcecode.swift; path = CustomMainNavigationBar.swift; sourceTree = "<group>"; };
		AF6652CB24DC0415005FC74B /* CategoryCollectionView.swift */ = {isa = PBXFileReference; lastKnownFileType = sourcecode.swift; path = CategoryCollectionView.swift; sourceTree = "<group>"; };
		AF6652CD24DC132C005FC74B /* CategoryCell.swift */ = {isa = PBXFileReference; lastKnownFileType = sourcecode.swift; path = CategoryCell.swift; sourceTree = "<group>"; };
		AF6652CF24DC2EA5005FC74B /* MainTableView.swift */ = {isa = PBXFileReference; lastKnownFileType = sourcecode.swift; path = MainTableView.swift; sourceTree = "<group>"; };
		AF6652D124DC2F5A005FC74B /* MainTableViewCell.swift */ = {isa = PBXFileReference; lastKnownFileType = sourcecode.swift; path = MainTableViewCell.swift; sourceTree = "<group>"; };
		AF8193DA24DC80D900B948CF /* MainTabBarController.swift */ = {isa = PBXFileReference; lastKnownFileType = sourcecode.swift; path = MainTabBarController.swift; sourceTree = "<group>"; };
		AF88436824D6C902000ABC2A /* GoogleService-Info.plist */ = {isa = PBXFileReference; fileEncoding = 4; lastKnownFileType = text.plist.xml; path = "GoogleService-Info.plist"; sourceTree = "<group>"; };
		AF8B260C24DB12100075156C /* SpoqaHanSansRegular.ttf */ = {isa = PBXFileReference; lastKnownFileType = file; path = SpoqaHanSansRegular.ttf; sourceTree = "<group>"; };
		AF8B260D24DB12100075156C /* SpoqaHanSansBold.ttf */ = {isa = PBXFileReference; lastKnownFileType = file; path = SpoqaHanSansBold.ttf; sourceTree = "<group>"; };
		AF8E0D5824DD092E00D08D58 /* WriteEmptyController.swift */ = {isa = PBXFileReference; lastKnownFileType = sourcecode.swift; path = WriteEmptyController.swift; sourceTree = "<group>"; };
		AF8E0D5A24DD277C00D08D58 /* Feed.swift */ = {isa = PBXFileReference; lastKnownFileType = sourcecode.swift; path = Feed.swift; sourceTree = "<group>"; };
		AF8E0D5C24DD320700D08D58 /* FeedRegisterController.swift */ = {isa = PBXFileReference; lastKnownFileType = sourcecode.swift; path = FeedRegisterController.swift; sourceTree = "<group>"; };
		AF8E0D6124DD5D5800D08D58 /* FeedService.swift */ = {isa = PBXFileReference; lastKnownFileType = sourcecode.swift; path = FeedService.swift; sourceTree = "<group>"; };
		AF8E0D6724DDD83900D08D58 /* FeedViewModel.swift */ = {isa = PBXFileReference; lastKnownFileType = sourcecode.swift; path = FeedViewModel.swift; sourceTree = "<group>"; };
		AF9E8D1A24D58E020047F0C4 /* KakaoOpenSDK.framework */ = {isa = PBXFileReference; lastKnownFileType = wrapper.framework; name = KakaoOpenSDK.framework; path = Frameworks/KakaoOpenSDK.framework; sourceTree = "<group>"; };
		AF9E8D1E24D58E3C0047F0C4 /* KakaoOpenSDK-Bridging-Header.h */ = {isa = PBXFileReference; fileEncoding = 4; lastKnownFileType = sourcecode.c.h; path = "KakaoOpenSDK-Bridging-Header.h"; sourceTree = "<group>"; };
		AFC1184F24D3AEE1005B2E44 /* VegeXI.app */ = {isa = PBXFileReference; explicitFileType = wrapper.application; includeInIndex = 0; path = VegeXI.app; sourceTree = BUILT_PRODUCTS_DIR; };
		AFC1185224D3AEE1005B2E44 /* AppDelegate.swift */ = {isa = PBXFileReference; lastKnownFileType = sourcecode.swift; path = AppDelegate.swift; sourceTree = "<group>"; };
		AFC1185624D3AEE1005B2E44 /* SignInViewController.swift */ = {isa = PBXFileReference; lastKnownFileType = sourcecode.swift; path = SignInViewController.swift; sourceTree = "<group>"; };
		AFC1185B24D3AEE3005B2E44 /* Assets.xcassets */ = {isa = PBXFileReference; lastKnownFileType = folder.assetcatalog; path = Assets.xcassets; sourceTree = "<group>"; };
		AFC1185E24D3AEE3005B2E44 /* Base */ = {isa = PBXFileReference; lastKnownFileType = file.storyboard; name = Base; path = Base.lproj/LaunchScreen.storyboard; sourceTree = "<group>"; };
		AFC1186024D3AEE3005B2E44 /* Info.plist */ = {isa = PBXFileReference; lastKnownFileType = text.plist.xml; path = Info.plist; sourceTree = "<group>"; };
		AFF46CAC24D85A00008F118E /* Constants.swift */ = {isa = PBXFileReference; lastKnownFileType = sourcecode.swift; path = Constants.swift; sourceTree = "<group>"; };
/* End PBXFileReference section */

/* Begin PBXFrameworksBuildPhase section */
		AFC1184C24D3AEE1005B2E44 /* Frameworks */ = {
			isa = PBXFrameworksBuildPhase;
			buildActionMask = 2147483647;
			files = (
				AF8E0D6024DD43FF00D08D58 /* BSImagePicker in Frameworks */,
				AF27F3DE24D5F29800CFEF9C /* Alamofire in Frameworks */,
				AF8E0D6524DDC3A700D08D58 /* SDWebImage in Frameworks */,
				AFC1186D24D3B08C005B2E44 /* SnapKit in Frameworks */,
				AFC1187024D3B0BD005B2E44 /* Then in Frameworks */,
				AF9E8D1C24D58E160047F0C4 /* KakaoOpenSDK.framework in Frameworks */,
				AF5634DF24DA6AF300A606EA /* JGProgressHUD in Frameworks */,
				8E845E39A055B87E3285FCA4 /* Pods_VegeXI.framework in Frameworks */,
			);
			runOnlyForDeploymentPostprocessing = 0;
		};
/* End PBXFrameworksBuildPhase section */

/* Begin PBXGroup section */
		42299CB624D9367400AE9253 /* Model */ = {
			isa = PBXGroup;
			children = (
				4267C95224DAF61400702BAC /* SignErrors.swift */,
				4267C95624DB1D2F00702BAC /* GeneralStrings.swift */,
				4267C95824DB1D3D00702BAC /* SignInStrings.swift */,
				4267C95424DB1BD900702BAC /* SignUpStrings.swift */,
			);
			path = Model;
			sourceTree = "<group>";
		};
		42299CB724D9367800AE9253 /* View */ = {
			isa = PBXGroup;
			children = (
				4264F1E024DBEBAA007B3BC2 /* FakeNavigationBar.swift */,
				4267C95024DAE51200702BAC /* SignView.swift */,
				4267C94E24DACA4100702BAC /* SignButton.swift */,
			);
			path = View;
			sourceTree = "<group>";
		};
		42299CB824D9367B00AE9253 /* Controller */ = {
			isa = PBXGroup;
			children = (
				AFC1185624D3AEE1005B2E44 /* SignInViewController.swift */,
				4267C94A24DABD3E00702BAC /* FBSignInViewController.swift */,
				42299CBE24D974AF00AE9253 /* SignUpViewController.swift */,
				4267C95A24DBC36800702BAC /* ForgotPasswordViewController.swift */,
			);
			path = Controller;
			sourceTree = "<group>";
		};
		4EDD59B61593B9AB8AD2819E /* Pods */ = {
			isa = PBXGroup;
			children = (
				38105EDA7625BA3CC11C87BE /* Pods-VegeXI.debug.xcconfig */,
				09A17A193B26B7E3D5AFF37D /* Pods-VegeXI.release.xcconfig */,
			);
			path = Pods;
			sourceTree = "<group>";
		};
		AF2EE70024D86C4100A956BD /* Model */ = {
			isa = PBXGroup;
			children = (
			);
			path = Model;
			sourceTree = "<group>";
		};
		AF6652C624DBFD3A005FC74B /* Controller */ = {
			isa = PBXGroup;
			children = (
				AF8193DA24DC80D900B948CF /* MainTabBarController.swift */,
				AF5634DB24DA64F200A606EA /* HomeViewController.swift */,
				4243D57C24DD290F003F3761 /* SearchHistoryViewController.swift */,
				42BE29E924DD2E4600449221 /* FilterViewController.swift */,
				42ABADB324E140490094CA9A /* NewFilterViewController.swift */,
			);
			path = Controller;
			sourceTree = "<group>";
		};
		AF6652C724DBFD42005FC74B /* View */ = {
			isa = PBXGroup;
			children = (
				4257EF4124DC3F2D00CFF4C6 /* FakeSearchNaviBar.swift */,
				4257EF4324DC3FF200CFF4C6 /* FakeSearchBar.swift */,
				42BE29EB24DD307E00449221 /* FilterViewTopBar.swift */,
				42BE29F124DD424400449221 /* FilterViewBottomBar.swift */,
				42BE29EF24DD35C900449221 /* FilterTableViewHeader.swift */,
				42BE29ED24DD322600449221 /* FilterTableViewCell.swift */,
				42ABADB724E15CE30094CA9A /* NewFilterTableViewCell.swift */,
				42ABADB924E16D4E0094CA9A /* FilterCollectionViewCell.swift */,
				42ABADB524E14FFF0094CA9A /* VegetarianInfoView.swift */,
				4257EF4524DC5F0900CFF4C6 /* SearchHistoryHeaderView.swift */,
				4257EF4B24DD0BC700CFF4C6 /* SearchHistoryTableViewCell.swift */,
				AF6652C924DBFD71005FC74B /* CustomMainNavigationBar.swift */,
				AF6652CB24DC0415005FC74B /* CategoryCollectionView.swift */,
				AF6652CD24DC132C005FC74B /* CategoryCell.swift */,
				AF6652CF24DC2EA5005FC74B /* MainTableView.swift */,
				AF6652D124DC2F5A005FC74B /* MainTableViewCell.swift */,
			);
			path = View;
			sourceTree = "<group>";
		};
		AF6652C824DBFD48005FC74B /* Model */ = {
			isa = PBXGroup;
			children = (
				4257EF4924DD07FD00CFF4C6 /* MockData.swift */,
				AF8E0D5A24DD277C00D08D58 /* Feed.swift */,
			);
			path = Model;
			sourceTree = "<group>";
		};
		AF89EAC624E0031400F2A5E5 /* View */ = {
			isa = PBXGroup;
			children = (
			);
			path = View;
			sourceTree = "<group>";
		};
		AF89EAC724E0031A00F2A5E5 /* Controller */ = {
			isa = PBXGroup;
			children = (
			);
			path = Controller;
			sourceTree = "<group>";
		};
		AF89EAC824E0037100F2A5E5 /* ViewModel */ = {
			isa = PBXGroup;
			children = (
				AF8E0D6724DDD83900D08D58 /* FeedViewModel.swift */,
			);
			path = ViewModel;
			sourceTree = "<group>";
		};
		AF8B260B24DB11A20075156C /* Font */ = {
			isa = PBXGroup;
			children = (
				AF8B260D24DB12100075156C /* SpoqaHanSansBold.ttf */,
				AF8B260C24DB12100075156C /* SpoqaHanSansRegular.ttf */,
			);
			path = Font;
			sourceTree = "<group>";
		};
		AF8E0D5424DD08F500D08D58 /* Write */ = {
			isa = PBXGroup;
			children = (
				AF8E0D5724DD091800D08D58 /* Model */,
				AF8E0D6624DDD81C00D08D58 /* ViewModel */,
				AF8E0D5624DD091000D08D58 /* View */,
				AF8E0D5524DD090500D08D58 /* Controller */,
			);
			path = Write;
			sourceTree = "<group>";
		};
		AF8E0D5524DD090500D08D58 /* Controller */ = {
			isa = PBXGroup;
			children = (
				AF8E0D5824DD092E00D08D58 /* WriteEmptyController.swift */,
				AF8E0D5C24DD320700D08D58 /* FeedRegisterController.swift */,
			);
			path = Controller;
			sourceTree = "<group>";
		};
		AF8E0D5624DD091000D08D58 /* View */ = {
			isa = PBXGroup;
			children = (
			);
			path = View;
			sourceTree = "<group>";
		};
		AF8E0D5724DD091800D08D58 /* Model */ = {
			isa = PBXGroup;
			children = (
			);
			path = Model;
			sourceTree = "<group>";
		};
		AF8E0D6624DDD81C00D08D58 /* ViewModel */ = {
			isa = PBXGroup;
			children = (
			);
			path = ViewModel;
			sourceTree = "<group>";
		};
		AF9E8D0F24D51A220047F0C4 /* Header */ = {
			isa = PBXGroup;
			children = (
				AF9E8D1E24D58E3C0047F0C4 /* KakaoOpenSDK-Bridging-Header.h */,
			);
			path = Header;
			sourceTree = "<group>";
		};
		AF9E8D1624D58D3F0047F0C4 /* Frameworks */ = {
			isa = PBXGroup;
			children = (
				AF9E8D1A24D58E020047F0C4 /* KakaoOpenSDK.framework */,
				943E4B56E189F1F7F3E0DE26 /* Pods_VegeXI.framework */,
			);
			name = Frameworks;
			sourceTree = "<group>";
		};
		AFC1184624D3AEE1005B2E44 = {
			isa = PBXGroup;
			children = (
				AFC1185124D3AEE1005B2E44 /* VegeXI */,
				AFC1185024D3AEE1005B2E44 /* Products */,
				AF9E8D1624D58D3F0047F0C4 /* Frameworks */,
				4EDD59B61593B9AB8AD2819E /* Pods */,
			);
			sourceTree = "<group>";
		};
		AFC1185024D3AEE1005B2E44 /* Products */ = {
			isa = PBXGroup;
			children = (
				AFC1184F24D3AEE1005B2E44 /* VegeXI.app */,
			);
			name = Products;
			sourceTree = "<group>";
		};
		AFC1185124D3AEE1005B2E44 /* VegeXI */ = {
			isa = PBXGroup;
			children = (
				AFC1186624D3AFE5005B2E44 /* Auth */,
				AFC1186724D3AFEE005B2E44 /* Home */,
				AF8E0D5424DD08F500D08D58 /* Write */,
				AFC1186824D3AFFA005B2E44 /* MyPage */,
				AFC1186A24D3B00F005B2E44 /* Service */,
				AF9E8D0F24D51A220047F0C4 /* Header */,
				AFF46CAB24D859DE008F118E /* Utils */,
				AFC1186924D3B004005B2E44 /* Supporting */,
				AFC1186024D3AEE3005B2E44 /* Info.plist */,
				42299CBD24D93E6A00AE9253 /* VegeXI.entitlements */,
			);
			path = VegeXI;
			sourceTree = "<group>";
		};
		AFC1186624D3AFE5005B2E44 /* Auth */ = {
			isa = PBXGroup;
			children = (
				42299CB824D9367B00AE9253 /* Controller */,
				42299CB724D9367800AE9253 /* View */,
				42299CB624D9367400AE9253 /* Model */,
			);
			path = Auth;
			sourceTree = "<group>";
		};
		AFC1186724D3AFEE005B2E44 /* Home */ = {
			isa = PBXGroup;
			children = (
				AF6652C824DBFD48005FC74B /* Model */,
				AF89EAC824E0037100F2A5E5 /* ViewModel */,
				AF6652C724DBFD42005FC74B /* View */,
				AF6652C624DBFD3A005FC74B /* Controller */,
			);
			path = Home;
			sourceTree = "<group>";
		};
		AFC1186824D3AFFA005B2E44 /* MyPage */ = {
			isa = PBXGroup;
			children = (
				AF89EAC724E0031A00F2A5E5 /* Controller */,
				AF89EAC624E0031400F2A5E5 /* View */,
				AF2EE70024D86C4100A956BD /* Model */,
			);
			path = MyPage;
			sourceTree = "<group>";
		};
		AFC1186924D3B004005B2E44 /* Supporting */ = {
			isa = PBXGroup;
			children = (
				AF8B260B24DB11A20075156C /* Font */,
				AFC1185B24D3AEE3005B2E44 /* Assets.xcassets */,
				AF88436824D6C902000ABC2A /* GoogleService-Info.plist */,
				AFC1185D24D3AEE3005B2E44 /* LaunchScreen.storyboard */,
				AFC1185224D3AEE1005B2E44 /* AppDelegate.swift */,
			);
			path = Supporting;
			sourceTree = "<group>";
		};
		AFC1186A24D3B00F005B2E44 /* Service */ = {
			isa = PBXGroup;
			children = (
				AF58173124D7DF9200F2683D /* SNSLoginService.swift */,
				AF2EE70324D87B4800A956BD /* AuthService.swift */,
				AF561E4124D9CEE80063D51F /* UserService.swift */,
				AF8E0D6124DD5D5800D08D58 /* FeedService.swift */,
			);
			path = Service;
			sourceTree = "<group>";
		};
		AFF46CAB24D859DE008F118E /* Utils */ = {
			isa = PBXGroup;
			children = (
				AFF46CAC24D85A00008F118E /* Constants.swift */,
				AF561E3F24D9CCB80063D51F /* Extensions.swift */,
			);
			path = Utils;
			sourceTree = "<group>";
		};
/* End PBXGroup section */

/* Begin PBXNativeTarget section */
		AFC1184E24D3AEE1005B2E44 /* VegeXI */ = {
			isa = PBXNativeTarget;
			buildConfigurationList = AFC1186324D3AEE3005B2E44 /* Build configuration list for PBXNativeTarget "VegeXI" */;
			buildPhases = (
				B54E07590A02FA2604096F77 /* [CP] Check Pods Manifest.lock */,
				AFC1184B24D3AEE1005B2E44 /* Sources */,
				AFC1184C24D3AEE1005B2E44 /* Frameworks */,
				AFC1184D24D3AEE1005B2E44 /* Resources */,
				AF9E8D0D24D517530047F0C4 /* Embed Frameworks */,
				1090FBDED66D56E7C4434AD4 /* [CP] Embed Pods Frameworks */,
				152047E1C25DE40A5637A192 /* [CP] Copy Pods Resources */,
			);
			buildRules = (
			);
			dependencies = (
			);
			name = VegeXI;
			packageProductDependencies = (
				AFC1186C24D3B08C005B2E44 /* SnapKit */,
				AFC1186F24D3B0BD005B2E44 /* Then */,
				AF27F3DD24D5F29800CFEF9C /* Alamofire */,
				AF5634DE24DA6AF300A606EA /* JGProgressHUD */,
				AF8E0D5F24DD43FF00D08D58 /* BSImagePicker */,
				AF8E0D6424DDC3A700D08D58 /* SDWebImage */,
			);
			productName = VegeXI;
			productReference = AFC1184F24D3AEE1005B2E44 /* VegeXI.app */;
			productType = "com.apple.product-type.application";
		};
/* End PBXNativeTarget section */

/* Begin PBXProject section */
		AFC1184724D3AEE1005B2E44 /* Project object */ = {
			isa = PBXProject;
			attributes = {
				LastSwiftUpdateCheck = 1160;
				LastUpgradeCheck = 1160;
				ORGANIZATIONNAME = TeamSloth;
				TargetAttributes = {
					AFC1184E24D3AEE1005B2E44 = {
						CreatedOnToolsVersion = 11.6;
					};
				};
			};
			buildConfigurationList = AFC1184A24D3AEE1005B2E44 /* Build configuration list for PBXProject "VegeXI" */;
			compatibilityVersion = "Xcode 9.3";
			developmentRegion = en;
			hasScannedForEncodings = 0;
			knownRegions = (
				en,
				Base,
			);
			mainGroup = AFC1184624D3AEE1005B2E44;
			packageReferences = (
				AFC1186B24D3B08B005B2E44 /* XCRemoteSwiftPackageReference "SnapKit" */,
				AFC1186E24D3B0BD005B2E44 /* XCRemoteSwiftPackageReference "Then" */,
				AF27F3DC24D5F29800CFEF9C /* XCRemoteSwiftPackageReference "Alamofire" */,
				AF5634DD24DA6AF300A606EA /* XCRemoteSwiftPackageReference "JGProgressHUD" */,
				AF8E0D5E24DD43FF00D08D58 /* XCRemoteSwiftPackageReference "BSImagePicker" */,
				AF8E0D6324DDC3A700D08D58 /* XCRemoteSwiftPackageReference "SDWebImage" */,
			);
			productRefGroup = AFC1185024D3AEE1005B2E44 /* Products */;
			projectDirPath = "";
			projectRoot = "";
			targets = (
				AFC1184E24D3AEE1005B2E44 /* VegeXI */,
			);
		};
/* End PBXProject section */

/* Begin PBXResourcesBuildPhase section */
		AFC1184D24D3AEE1005B2E44 /* Resources */ = {
			isa = PBXResourcesBuildPhase;
			buildActionMask = 2147483647;
			files = (
				AFC1185F24D3AEE3005B2E44 /* LaunchScreen.storyboard in Resources */,
				AFC1185C24D3AEE3005B2E44 /* Assets.xcassets in Resources */,
				AF88436924D6C902000ABC2A /* GoogleService-Info.plist in Resources */,
				AF8B261124DB15590075156C /* SpoqaHanSansBold.ttf in Resources */,
				AF8B261224DB15630075156C /* SpoqaHanSansRegular.ttf in Resources */,
			);
			runOnlyForDeploymentPostprocessing = 0;
		};
/* End PBXResourcesBuildPhase section */

/* Begin PBXShellScriptBuildPhase section */
		1090FBDED66D56E7C4434AD4 /* [CP] Embed Pods Frameworks */ = {
			isa = PBXShellScriptBuildPhase;
			buildActionMask = 2147483647;
			files = (
			);
			inputFileListPaths = (
				"${PODS_ROOT}/Target Support Files/Pods-VegeXI/Pods-VegeXI-frameworks-${CONFIGURATION}-input-files.xcfilelist",
			);
			name = "[CP] Embed Pods Frameworks";
			outputFileListPaths = (
				"${PODS_ROOT}/Target Support Files/Pods-VegeXI/Pods-VegeXI-frameworks-${CONFIGURATION}-output-files.xcfilelist",
			);
			runOnlyForDeploymentPostprocessing = 0;
			shellPath = /bin/sh;
			shellScript = "\"${PODS_ROOT}/Target Support Files/Pods-VegeXI/Pods-VegeXI-frameworks.sh\"\n";
			showEnvVarsInLog = 0;
		};
		152047E1C25DE40A5637A192 /* [CP] Copy Pods Resources */ = {
			isa = PBXShellScriptBuildPhase;
			buildActionMask = 2147483647;
			files = (
			);
			inputFileListPaths = (
				"${PODS_ROOT}/Target Support Files/Pods-VegeXI/Pods-VegeXI-resources-${CONFIGURATION}-input-files.xcfilelist",
			);
			name = "[CP] Copy Pods Resources";
			outputFileListPaths = (
				"${PODS_ROOT}/Target Support Files/Pods-VegeXI/Pods-VegeXI-resources-${CONFIGURATION}-output-files.xcfilelist",
			);
			runOnlyForDeploymentPostprocessing = 0;
			shellPath = /bin/sh;
			shellScript = "\"${PODS_ROOT}/Target Support Files/Pods-VegeXI/Pods-VegeXI-resources.sh\"\n";
			showEnvVarsInLog = 0;
		};
		B54E07590A02FA2604096F77 /* [CP] Check Pods Manifest.lock */ = {
			isa = PBXShellScriptBuildPhase;
			buildActionMask = 2147483647;
			files = (
			);
			inputFileListPaths = (
			);
			inputPaths = (
				"${PODS_PODFILE_DIR_PATH}/Podfile.lock",
				"${PODS_ROOT}/Manifest.lock",
			);
			name = "[CP] Check Pods Manifest.lock";
			outputFileListPaths = (
			);
			outputPaths = (
				"$(DERIVED_FILE_DIR)/Pods-VegeXI-checkManifestLockResult.txt",
			);
			runOnlyForDeploymentPostprocessing = 0;
			shellPath = /bin/sh;
			shellScript = "diff \"${PODS_PODFILE_DIR_PATH}/Podfile.lock\" \"${PODS_ROOT}/Manifest.lock\" > /dev/null\nif [ $? != 0 ] ; then\n    # print error to STDERR\n    echo \"error: The sandbox is not in sync with the Podfile.lock. Run 'pod install' or update your CocoaPods installation.\" >&2\n    exit 1\nfi\n# This output is used by Xcode 'outputs' to avoid re-running this script phase.\necho \"SUCCESS\" > \"${SCRIPT_OUTPUT_FILE_0}\"\n";
			showEnvVarsInLog = 0;
		};
/* End PBXShellScriptBuildPhase section */

/* Begin PBXSourcesBuildPhase section */
		AFC1184B24D3AEE1005B2E44 /* Sources */ = {
			isa = PBXSourcesBuildPhase;
			buildActionMask = 2147483647;
			files = (
				AF8E0D6824DDD83900D08D58 /* FeedViewModel.swift in Sources */,
				4257EF4624DC5F0900CFF4C6 /* SearchHistoryHeaderView.swift in Sources */,
				42ABADB424E140490094CA9A /* NewFilterViewController.swift in Sources */,
				4243D57D24DD290F003F3761 /* SearchHistoryViewController.swift in Sources */,
				4257EF4A24DD07FD00CFF4C6 /* MockData.swift in Sources */,
				4257EF4424DC3FF200CFF4C6 /* FakeSearchBar.swift in Sources */,
				42BE29F024DD35C900449221 /* FilterTableViewHeader.swift in Sources */,
				4257EF4C24DD0BC700CFF4C6 /* SearchHistoryTableViewCell.swift in Sources */,
				AF6652D224DC2F5A005FC74B /* MainTableViewCell.swift in Sources */,
				4267C95924DB1D3D00702BAC /* SignInStrings.swift in Sources */,
				AF6652CC24DC0415005FC74B /* CategoryCollectionView.swift in Sources */,
				AF8E0D5924DD092E00D08D58 /* WriteEmptyController.swift in Sources */,
				4267C95324DAF61400702BAC /* SignErrors.swift in Sources */,
				AF6652D024DC2EA5005FC74B /* MainTableView.swift in Sources */,
				42ABADB824E15CE30094CA9A /* NewFilterTableViewCell.swift in Sources */,
				AF8E0D5B24DD277C00D08D58 /* Feed.swift in Sources */,
				AFC1185724D3AEE1005B2E44 /* SignInViewController.swift in Sources */,
				AF8193DB24DC80D900B948CF /* MainTabBarController.swift in Sources */,
				42299CBF24D974AF00AE9253 /* SignUpViewController.swift in Sources */,
				4267C94B24DABD3E00702BAC /* FBSignInViewController.swift in Sources */,
				AF561E4224D9CEE80063D51F /* UserService.swift in Sources */,
				AFC1185324D3AEE1005B2E44 /* AppDelegate.swift in Sources */,
				AF561E4024D9CCB80063D51F /* Extensions.swift in Sources */,
				4264F1E124DBEBAA007B3BC2 /* FakeNavigationBar.swift in Sources */,
				AF5634DC24DA64F200A606EA /* HomeViewController.swift in Sources */,
				AF6652CA24DBFD71005FC74B /* CustomMainNavigationBar.swift in Sources */,
				42ABADBA24E16D4E0094CA9A /* FilterCollectionViewCell.swift in Sources */,
				AF8E0D5D24DD320700D08D58 /* FeedRegisterController.swift in Sources */,
				42ABADB624E14FFF0094CA9A /* VegetarianInfoView.swift in Sources */,
				4267C95724DB1D2F00702BAC /* GeneralStrings.swift in Sources */,
				4267C94F24DACA4100702BAC /* SignButton.swift in Sources */,
				4267C95B24DBC36800702BAC /* ForgotPasswordViewController.swift in Sources */,
				42BE29EA24DD2E4600449221 /* FilterViewController.swift in Sources */,
				4267C95124DAE51200702BAC /* SignView.swift in Sources */,
				42BE29F224DD424400449221 /* FilterViewBottomBar.swift in Sources */,
				AF58173224D7DF9200F2683D /* SNSLoginService.swift in Sources */,
				42BE29EC24DD307E00449221 /* FilterViewTopBar.swift in Sources */,
				AF2EE70424D87B4800A956BD /* AuthService.swift in Sources */,
				4267C95524DB1BD900702BAC /* SignUpStrings.swift in Sources */,
				4257EF4224DC3F2D00CFF4C6 /* FakeSearchNaviBar.swift in Sources */,
				42BE29EE24DD322600449221 /* FilterTableViewCell.swift in Sources */,
				AFF46CAD24D85A00008F118E /* Constants.swift in Sources */,
				AF6652CE24DC132C005FC74B /* CategoryCell.swift in Sources */,
				AF8E0D6224DD5D5800D08D58 /* FeedService.swift in Sources */,
			);
			runOnlyForDeploymentPostprocessing = 0;
		};
/* End PBXSourcesBuildPhase section */

/* Begin PBXVariantGroup section */
		AFC1185D24D3AEE3005B2E44 /* LaunchScreen.storyboard */ = {
			isa = PBXVariantGroup;
			children = (
				AFC1185E24D3AEE3005B2E44 /* Base */,
			);
			name = LaunchScreen.storyboard;
			sourceTree = "<group>";
		};
/* End PBXVariantGroup section */

/* Begin XCBuildConfiguration section */
		AFC1186124D3AEE3005B2E44 /* Debug */ = {
			isa = XCBuildConfiguration;
			buildSettings = {
				ALWAYS_SEARCH_USER_PATHS = NO;
				CLANG_ANALYZER_NONNULL = YES;
				CLANG_ANALYZER_NUMBER_OBJECT_CONVERSION = YES_AGGRESSIVE;
				CLANG_CXX_LANGUAGE_STANDARD = "gnu++14";
				CLANG_CXX_LIBRARY = "libc++";
				CLANG_ENABLE_MODULES = YES;
				CLANG_ENABLE_OBJC_ARC = YES;
				CLANG_ENABLE_OBJC_WEAK = YES;
				CLANG_WARN_BLOCK_CAPTURE_AUTORELEASING = YES;
				CLANG_WARN_BOOL_CONVERSION = YES;
				CLANG_WARN_COMMA = YES;
				CLANG_WARN_CONSTANT_CONVERSION = YES;
				CLANG_WARN_DEPRECATED_OBJC_IMPLEMENTATIONS = YES;
				CLANG_WARN_DIRECT_OBJC_ISA_USAGE = YES_ERROR;
				CLANG_WARN_DOCUMENTATION_COMMENTS = YES;
				CLANG_WARN_EMPTY_BODY = YES;
				CLANG_WARN_ENUM_CONVERSION = YES;
				CLANG_WARN_INFINITE_RECURSION = YES;
				CLANG_WARN_INT_CONVERSION = YES;
				CLANG_WARN_NON_LITERAL_NULL_CONVERSION = YES;
				CLANG_WARN_OBJC_IMPLICIT_RETAIN_SELF = YES;
				CLANG_WARN_OBJC_LITERAL_CONVERSION = YES;
				CLANG_WARN_OBJC_ROOT_CLASS = YES_ERROR;
				CLANG_WARN_RANGE_LOOP_ANALYSIS = YES;
				CLANG_WARN_STRICT_PROTOTYPES = YES;
				CLANG_WARN_SUSPICIOUS_MOVE = YES;
				CLANG_WARN_UNGUARDED_AVAILABILITY = YES_AGGRESSIVE;
				CLANG_WARN_UNREACHABLE_CODE = YES;
				CLANG_WARN__DUPLICATE_METHOD_MATCH = YES;
				COPY_PHASE_STRIP = NO;
				DEBUG_INFORMATION_FORMAT = dwarf;
				ENABLE_STRICT_OBJC_MSGSEND = YES;
				ENABLE_TESTABILITY = YES;
				GCC_C_LANGUAGE_STANDARD = gnu11;
				GCC_DYNAMIC_NO_PIC = NO;
				GCC_NO_COMMON_BLOCKS = YES;
				GCC_OPTIMIZATION_LEVEL = 0;
				GCC_PREPROCESSOR_DEFINITIONS = (
					"DEBUG=1",
					"$(inherited)",
				);
				GCC_WARN_64_TO_32_BIT_CONVERSION = YES;
				GCC_WARN_ABOUT_RETURN_TYPE = YES_ERROR;
				GCC_WARN_UNDECLARED_SELECTOR = YES;
				GCC_WARN_UNINITIALIZED_AUTOS = YES_AGGRESSIVE;
				GCC_WARN_UNUSED_FUNCTION = YES;
				GCC_WARN_UNUSED_VARIABLE = YES;
				IPHONEOS_DEPLOYMENT_TARGET = 13.6;
				MTL_ENABLE_DEBUG_INFO = INCLUDE_SOURCE;
				MTL_FAST_MATH = YES;
				ONLY_ACTIVE_ARCH = YES;
				SDKROOT = iphoneos;
				SWIFT_ACTIVE_COMPILATION_CONDITIONS = DEBUG;
				SWIFT_OPTIMIZATION_LEVEL = "-Onone";
			};
			name = Debug;
		};
		AFC1186224D3AEE3005B2E44 /* Release */ = {
			isa = XCBuildConfiguration;
			buildSettings = {
				ALWAYS_SEARCH_USER_PATHS = NO;
				CLANG_ANALYZER_NONNULL = YES;
				CLANG_ANALYZER_NUMBER_OBJECT_CONVERSION = YES_AGGRESSIVE;
				CLANG_CXX_LANGUAGE_STANDARD = "gnu++14";
				CLANG_CXX_LIBRARY = "libc++";
				CLANG_ENABLE_MODULES = YES;
				CLANG_ENABLE_OBJC_ARC = YES;
				CLANG_ENABLE_OBJC_WEAK = YES;
				CLANG_WARN_BLOCK_CAPTURE_AUTORELEASING = YES;
				CLANG_WARN_BOOL_CONVERSION = YES;
				CLANG_WARN_COMMA = YES;
				CLANG_WARN_CONSTANT_CONVERSION = YES;
				CLANG_WARN_DEPRECATED_OBJC_IMPLEMENTATIONS = YES;
				CLANG_WARN_DIRECT_OBJC_ISA_USAGE = YES_ERROR;
				CLANG_WARN_DOCUMENTATION_COMMENTS = YES;
				CLANG_WARN_EMPTY_BODY = YES;
				CLANG_WARN_ENUM_CONVERSION = YES;
				CLANG_WARN_INFINITE_RECURSION = YES;
				CLANG_WARN_INT_CONVERSION = YES;
				CLANG_WARN_NON_LITERAL_NULL_CONVERSION = YES;
				CLANG_WARN_OBJC_IMPLICIT_RETAIN_SELF = YES;
				CLANG_WARN_OBJC_LITERAL_CONVERSION = YES;
				CLANG_WARN_OBJC_ROOT_CLASS = YES_ERROR;
				CLANG_WARN_RANGE_LOOP_ANALYSIS = YES;
				CLANG_WARN_STRICT_PROTOTYPES = YES;
				CLANG_WARN_SUSPICIOUS_MOVE = YES;
				CLANG_WARN_UNGUARDED_AVAILABILITY = YES_AGGRESSIVE;
				CLANG_WARN_UNREACHABLE_CODE = YES;
				CLANG_WARN__DUPLICATE_METHOD_MATCH = YES;
				COPY_PHASE_STRIP = NO;
				DEBUG_INFORMATION_FORMAT = "dwarf-with-dsym";
				ENABLE_NS_ASSERTIONS = NO;
				ENABLE_STRICT_OBJC_MSGSEND = YES;
				GCC_C_LANGUAGE_STANDARD = gnu11;
				GCC_NO_COMMON_BLOCKS = YES;
				GCC_WARN_64_TO_32_BIT_CONVERSION = YES;
				GCC_WARN_ABOUT_RETURN_TYPE = YES_ERROR;
				GCC_WARN_UNDECLARED_SELECTOR = YES;
				GCC_WARN_UNINITIALIZED_AUTOS = YES_AGGRESSIVE;
				GCC_WARN_UNUSED_FUNCTION = YES;
				GCC_WARN_UNUSED_VARIABLE = YES;
				IPHONEOS_DEPLOYMENT_TARGET = 13.6;
				MTL_ENABLE_DEBUG_INFO = NO;
				MTL_FAST_MATH = YES;
				SDKROOT = iphoneos;
				SWIFT_COMPILATION_MODE = wholemodule;
				SWIFT_OPTIMIZATION_LEVEL = "-O";
				VALIDATE_PRODUCT = YES;
			};
			name = Release;
		};
		AFC1186424D3AEE3005B2E44 /* Debug */ = {
			isa = XCBuildConfiguration;
			baseConfigurationReference = 38105EDA7625BA3CC11C87BE /* Pods-VegeXI.debug.xcconfig */;
			buildSettings = {
				ALWAYS_EMBED_SWIFT_STANDARD_LIBRARIES = "$(inherited)\n$(EMBEDDED_CONTENT_CONTAINS_SWIFT)";
				ASSETCATALOG_COMPILER_APPICON_NAME = AppIcon;
				CODE_SIGN_ENTITLEMENTS = VegeXI/VegeXI.entitlements;
				CODE_SIGN_IDENTITY = "Apple Development";
				CODE_SIGN_STYLE = Automatic;
				DEVELOPMENT_TEAM = DX4KVUBK56;
				FRAMEWORK_SEARCH_PATHS = (
					"$(inherited)",
					"$(PROJECT_DIR)/Frameworks",
				);
				INFOPLIST_FILE = VegeXI/Info.plist;
				IPHONEOS_DEPLOYMENT_TARGET = 13.0;
				LD_RUNPATH_SEARCH_PATHS = (
					"$(inherited)",
					"@executable_path/Frameworks",
				);
				OTHER_LDFLAGS = (
					"-all_load",
					"$(inherited)",
				);
				PRODUCT_BUNDLE_IDENTIFIER = com.teamsloth.VegeXI;
				PRODUCT_NAME = "$(TARGET_NAME)";
				PROVISIONING_PROFILE_SPECIFIER = "";
				SWIFT_OBJC_BRIDGING_HEADER = "VegeXI/Header/KakaoOpenSDK-Bridging-Header.h";
				SWIFT_VERSION = 5.0;
				TARGETED_DEVICE_FAMILY = 1;
			};
			name = Debug;
		};
		AFC1186524D3AEE3005B2E44 /* Release */ = {
			isa = XCBuildConfiguration;
			baseConfigurationReference = 09A17A193B26B7E3D5AFF37D /* Pods-VegeXI.release.xcconfig */;
			buildSettings = {
				ALWAYS_EMBED_SWIFT_STANDARD_LIBRARIES = "$(inherited)\n$(EMBEDDED_CONTENT_CONTAINS_SWIFT)";
				ASSETCATALOG_COMPILER_APPICON_NAME = AppIcon;
				CODE_SIGN_ENTITLEMENTS = VegeXI/VegeXI.entitlements;
				CODE_SIGN_IDENTITY = "Apple Development";
				CODE_SIGN_STYLE = Automatic;
				DEVELOPMENT_TEAM = DX4KVUBK56;
				FRAMEWORK_SEARCH_PATHS = (
					"$(inherited)",
					"$(PROJECT_DIR)/Frameworks",
				);
				INFOPLIST_FILE = VegeXI/Info.plist;
				IPHONEOS_DEPLOYMENT_TARGET = 13.0;
				LD_RUNPATH_SEARCH_PATHS = (
					"$(inherited)",
					"@executable_path/Frameworks",
				);
				OTHER_LDFLAGS = (
					"-all_load",
					"$(inherited)",
				);
				PRODUCT_BUNDLE_IDENTIFIER = com.teamsloth.VegeXI;
				PRODUCT_NAME = "$(TARGET_NAME)";
				PROVISIONING_PROFILE_SPECIFIER = "";
				SWIFT_OBJC_BRIDGING_HEADER = "VegeXI/Header/KakaoOpenSDK-Bridging-Header.h";
				SWIFT_VERSION = 5.0;
				TARGETED_DEVICE_FAMILY = 1;
			};
			name = Release;
		};
/* End XCBuildConfiguration section */

/* Begin XCConfigurationList section */
		AFC1184A24D3AEE1005B2E44 /* Build configuration list for PBXProject "VegeXI" */ = {
			isa = XCConfigurationList;
			buildConfigurations = (
				AFC1186124D3AEE3005B2E44 /* Debug */,
				AFC1186224D3AEE3005B2E44 /* Release */,
			);
			defaultConfigurationIsVisible = 0;
			defaultConfigurationName = Release;
		};
		AFC1186324D3AEE3005B2E44 /* Build configuration list for PBXNativeTarget "VegeXI" */ = {
			isa = XCConfigurationList;
			buildConfigurations = (
				AFC1186424D3AEE3005B2E44 /* Debug */,
				AFC1186524D3AEE3005B2E44 /* Release */,
			);
			defaultConfigurationIsVisible = 0;
			defaultConfigurationName = Release;
		};
/* End XCConfigurationList section */

/* Begin XCRemoteSwiftPackageReference section */
		AF27F3DC24D5F29800CFEF9C /* XCRemoteSwiftPackageReference "Alamofire" */ = {
			isa = XCRemoteSwiftPackageReference;
			repositoryURL = "https://github.com/Alamofire/Alamofire.git";
			requirement = {
				kind = upToNextMajorVersion;
				minimumVersion = 5.2.2;
			};
		};
		AF5634DD24DA6AF300A606EA /* XCRemoteSwiftPackageReference "JGProgressHUD" */ = {
			isa = XCRemoteSwiftPackageReference;
			repositoryURL = "https://github.com/JonasGessner/JGProgressHUD.git";
			requirement = {
				kind = upToNextMajorVersion;
				minimumVersion = 2.1.0;
			};
		};
		AF8E0D5E24DD43FF00D08D58 /* XCRemoteSwiftPackageReference "BSImagePicker" */ = {
			isa = XCRemoteSwiftPackageReference;
			repositoryURL = "https://github.com/mikaoj/BSImagePicker.git";
			requirement = {
				kind = upToNextMajorVersion;
				minimumVersion = 3.2.1;
			};
		};
		AF8E0D6324DDC3A700D08D58 /* XCRemoteSwiftPackageReference "SDWebImage" */ = {
			isa = XCRemoteSwiftPackageReference;
			repositoryURL = "https://github.com/SDWebImage/SDWebImage.git";
			requirement = {
				kind = upToNextMajorVersion;
				minimumVersion = 5.8.4;
			};
		};
		AFC1186B24D3B08B005B2E44 /* XCRemoteSwiftPackageReference "SnapKit" */ = {
			isa = XCRemoteSwiftPackageReference;
			repositoryURL = "https://github.com/SnapKit/SnapKit.git";
			requirement = {
				kind = upToNextMajorVersion;
				minimumVersion = 5.0.1;
			};
		};
		AFC1186E24D3B0BD005B2E44 /* XCRemoteSwiftPackageReference "Then" */ = {
			isa = XCRemoteSwiftPackageReference;
			repositoryURL = "https://github.com/devxoul/Then.git";
			requirement = {
				kind = upToNextMajorVersion;
				minimumVersion = 2.7.0;
			};
		};
/* End XCRemoteSwiftPackageReference section */

/* Begin XCSwiftPackageProductDependency section */
		AF27F3DD24D5F29800CFEF9C /* Alamofire */ = {
			isa = XCSwiftPackageProductDependency;
			package = AF27F3DC24D5F29800CFEF9C /* XCRemoteSwiftPackageReference "Alamofire" */;
			productName = Alamofire;
		};
		AF5634DE24DA6AF300A606EA /* JGProgressHUD */ = {
			isa = XCSwiftPackageProductDependency;
			package = AF5634DD24DA6AF300A606EA /* XCRemoteSwiftPackageReference "JGProgressHUD" */;
			productName = JGProgressHUD;
		};
		AF8E0D5F24DD43FF00D08D58 /* BSImagePicker */ = {
			isa = XCSwiftPackageProductDependency;
			package = AF8E0D5E24DD43FF00D08D58 /* XCRemoteSwiftPackageReference "BSImagePicker" */;
			productName = BSImagePicker;
		};
		AF8E0D6424DDC3A700D08D58 /* SDWebImage */ = {
			isa = XCSwiftPackageProductDependency;
			package = AF8E0D6324DDC3A700D08D58 /* XCRemoteSwiftPackageReference "SDWebImage" */;
			productName = SDWebImage;
		};
		AFC1186C24D3B08C005B2E44 /* SnapKit */ = {
			isa = XCSwiftPackageProductDependency;
			package = AFC1186B24D3B08B005B2E44 /* XCRemoteSwiftPackageReference "SnapKit" */;
			productName = SnapKit;
		};
		AFC1186F24D3B0BD005B2E44 /* Then */ = {
			isa = XCSwiftPackageProductDependency;
			package = AFC1186E24D3B0BD005B2E44 /* XCRemoteSwiftPackageReference "Then" */;
			productName = Then;
		};
/* End XCSwiftPackageProductDependency section */
	};
	rootObject = AFC1184724D3AEE1005B2E44 /* Project object */;
}
